// !$*UTF8*$!
{
	archiveVersion = 1;
	classes = {
	};
	objectVersion = 46;
	objects = {

/* Begin PBXBuildFile section */
		902D29571F4DD4DB00AD7654 /* AppDelegate.swift in Sources */ = {isa = PBXBuildFile; fileRef = 902D29561F4DD4DB00AD7654 /* AppDelegate.swift */; };
		902D29591F4DD4DB00AD7654 /* ViewController.swift in Sources */ = {isa = PBXBuildFile; fileRef = 902D29581F4DD4DB00AD7654 /* ViewController.swift */; };
		902D295C1F4DD4DB00AD7654 /* Main.storyboard in Resources */ = {isa = PBXBuildFile; fileRef = 902D295A1F4DD4DB00AD7654 /* Main.storyboard */; };
		902D295E1F4DD4DB00AD7654 /* Assets.xcassets in Resources */ = {isa = PBXBuildFile; fileRef = 902D295D1F4DD4DB00AD7654 /* Assets.xcassets */; };
		902D29611F4DD4DB00AD7654 /* LaunchScreen.storyboard in Resources */ = {isa = PBXBuildFile; fileRef = 902D295F1F4DD4DB00AD7654 /* LaunchScreen.storyboard */; };
/* End PBXBuildFile section */

/* Begin PBXFileReference section */
		902D29531F4DD4DB00AD7654 /* Hustle.Mode.app */ = {isa = PBXFileReference; explicitFileType = wrapper.application; includeInIndex = 0; path = Hustle.Mode.app; sourceTree = BUILT_PRODUCTS_DIR; };
		902D29561F4DD4DB00AD7654 /* AppDelegate.swift */ = {isa = PBXFileReference; lastKnownFileType = sourcecode.swift; path = AppDelegate.swift; sourceTree = "<group>"; };
		902D29581F4DD4DB00AD7654 /* ViewController.swift */ = {isa = PBXFileReference; lastKnownFileType = sourcecode.swift; path = ViewController.swift; sourceTree = "<group>"; };
		902D295B1F4DD4DB00AD7654 /* Base */ = {isa = PBXFileReference; lastKnownFileType = file.storyboard; name = Base; path = Base.lproj/Main.storyboard; sourceTree = "<group>"; };
		902D295D1F4DD4DB00AD7654 /* Assets.xcassets */ = {isa = PBXFileReference; lastKnownFileType = folder.assetcatalog; path = Assets.xcassets; sourceTree = "<group>"; };
		902D29601F4DD4DB00AD7654 /* Base */ = {isa = PBXFileReference; lastKnownFileType = file.storyboard; name = Base; path = Base.lproj/LaunchScreen.storyboard; sourceTree = "<group>"; };
		902D29621F4DD4DB00AD7654 /* Info.plist */ = {isa = PBXFileReference; lastKnownFileType = text.plist.xml; path = Info.plist; sourceTree = "<group>"; };
/* End PBXFileReference section */

/* Begin PBXFrameworksBuildPhase section */
		902D29501F4DD4DB00AD7654 /* Frameworks */ = {
			isa = PBXFrameworksBuildPhase;
			buildActionMask = 2147483647;
			files = (
			);
			runOnlyForDeploymentPostprocessing = 0;
		};
/* End PBXFrameworksBuildPhase section */

/* Begin PBXGroup section */
		902D294A1F4DD4DB00AD7654 = {
			isa = PBXGroup;
			children = (
				902D29551F4DD4DB00AD7654 /* Hustle.Mode */,
				902D29541F4DD4DB00AD7654 /* Products */,
			);
			sourceTree = "<group>";
		};
		902D29541F4DD4DB00AD7654 /* Products */ = {
			isa = PBXGroup;
			children = (
				902D29531F4DD4DB00AD7654 /* Hustle.Mode.app */,
			);
			name = Products;
			sourceTree = "<group>";
		};
		902D29551F4DD4DB00AD7654 /* Hustle.Mode */ = {
			isa = PBXGroup;
			children = (
				902D29561F4DD4DB00AD7654 /* AppDelegate.swift */,
				902D29581F4DD4DB00AD7654 /* ViewController.swift */,
				902D295A1F4DD4DB00AD7654 /* Main.storyboard */,
				902D295D1F4DD4DB00AD7654 /* Assets.xcassets */,
				902D295F1F4DD4DB00AD7654 /* LaunchScreen.storyboard */,
				902D29621F4DD4DB00AD7654 /* Info.plist */,
			);
			path = Hustle.Mode;
			sourceTree = "<group>";
		};
/* End PBXGroup section */

/* Begin PBXNativeTarget section */
		902D29521F4DD4DB00AD7654 /* Hustle.Mode */ = {
			isa = PBXNativeTarget;
			buildConfigurationList = 902D29651F4DD4DB00AD7654 /* Build configuration list for PBXNativeTarget "Hustle.Mode" */;
			buildPhases = (
				902D294F1F4DD4DB00AD7654 /* Sources */,
				902D29501F4DD4DB00AD7654 /* Frameworks */,
				902D29511F4DD4DB00AD7654 /* Resources */,
			);
			buildRules = (
			);
			dependencies = (
			);
			name = Hustle.Mode;
			productName = Hustle.Mode;
			productReference = 902D29531F4DD4DB00AD7654 /* Hustle.Mode.app */;
			productType = "com.apple.product-type.application";
		};
/* End PBXNativeTarget section */

/* Begin PBXProject section */
		902D294B1F4DD4DB00AD7654 /* Project object */ = {
			isa = PBXProject;
			attributes = {
				LastSwiftUpdateCheck = 0820;
				LastUpgradeCheck = 0820;
				ORGANIZATIONNAME = "Francis Jemuel Bergonia";
				TargetAttributes = {
					902D29521F4DD4DB00AD7654 = {
						CreatedOnToolsVersion = 8.2.1;
						ProvisioningStyle = Automatic;
					};
				};
			};
			buildConfigurationList = 902D294E1F4DD4DB00AD7654 /* Build configuration list for PBXProject "Hustle.Mode" */;
			compatibilityVersion = "Xcode 3.2";
			developmentRegion = English;
			hasScannedForEncodings = 0;
			knownRegions = (
				en,
				Base,
			);
			mainGroup = 902D294A1F4DD4DB00AD7654;
			productRefGroup = 902D29541F4DD4DB00AD7654 /* Products */;
			projectDirPath = "";
			projectRoot = "";
			targets = (
				902D29521F4DD4DB00AD7654 /* Hustle.Mode */,
			);
		};
/* End PBXProject section */

/* Begin PBXResourcesBuildPhase section */
		902D29511F4DD4DB00AD7654 /* Resources */ = {
			isa = PBXResourcesBuildPhase;
			buildActionMask = 2147483647;
			files = (
				902D29611F4DD4DB00AD7654 /* LaunchScreen.storyboard in Resources */,
				902D295E1F4DD4DB00AD7654 /* Assets.xcassets in Resources */,
				902D295C1F4DD4DB00AD7654 /* Main.storyboard in Resources */,
			);
			runOnlyForDeploymentPostprocessing = 0;
		};
/* End PBXResourcesBuildPhase section */

/* Begin PBXSourcesBuildPhase section */
		902D294F1F4DD4DB00AD7654 /* Sources */ = {
			isa = PBXSourcesBuildPhase;
			buildActionMask = 2147483647;
			files = (
				902D29591F4DD4DB00AD7654 /* ViewController.swift in Sources */,
				902D29571F4DD4DB00AD7654 /* AppDelegate.swift in Sources */,
			);
			runOnlyForDeploymentPostprocessing = 0;
		};
/* End PBXSourcesBuildPhase section */

/* Begin PBXVariantGroup section */
		902D295A1F4DD4DB00AD7654 /* Main.storyboard */ = {
			isa = PBXVariantGroup;
			children = (
				902D295B1F4DD4DB00AD7654 /* Base */,
			);
			name = Main.storyboard;
			sourceTree = "<group>";
		};
		902D295F1F4DD4DB00AD7654 /* LaunchScreen.storyboard */ = {
			isa = PBXVariantGroup;
			children = (
				902D29601F4DD4DB00AD7654 /* Base */,
			);
			name = LaunchScreen.storyboard;
			sourceTree = "<group>";
		};
/* End PBXVariantGroup section */

/* Begin XCBuildConfiguration section */
		902D29631F4DD4DB00AD7654 /* Debug */ = {
			isa = XCBuildConfiguration;
			buildSettings = {
				ALWAYS_SEARCH_USER_PATHS = NO;
				CLANG_ANALYZER_NONNULL = YES;
				CLANG_CXX_LANGUAGE_STANDARD = "gnu++0x";
				CLANG_CXX_LIBRARY = "libc++";
				CLANG_ENABLE_MODULES = YES;
				CLANG_ENABLE_OBJC_ARC = YES;
				CLANG_WARN_BOOL_CONVERSION = YES;
				CLANG_WARN_CONSTANT_CONVERSION = YES;
				CLANG_WARN_DIRECT_OBJC_ISA_USAGE = YES_ERROR;
				CLANG_WARN_DOCUMENTATION_COMMENTS = YES;
				CLANG_WARN_EMPTY_BODY = YES;
				CLANG_WARN_ENUM_CONVERSION = YES;
				CLANG_WARN_INFINITE_RECURSION = YES;
				CLANG_WARN_INT_CONVERSION = YES;
				CLANG_WARN_OBJC_ROOT_CLASS = YES_ERROR;
				CLANG_WARN_SUSPICIOUS_MOVE = YES;
				CLANG_WARN_UNREACHABLE_CODE = YES;
				CLANG_WARN__DUPLICATE_METHOD_MATCH = YES;
				"CODE_SIGN_IDENTITY[sdk=iphoneos*]" = "iPhone Developer";
				COPY_PHASE_STRIP = NO;
				DEBUG_INFORMATION_FORMAT = dwarf;
				ENABLE_STRICT_OBJC_MSGSEND = YES;
				ENABLE_TESTABILITY = YES;
				GCC_C_LANGUAGE_STANDARD = gnu99;
				GCC_DYNAMIC_NO_PIC = NO;
				GCC_NO_COMMON_BLOCKS = YES;
				GCC_OPTIMIZATION_LEVEL = 0;
				GCC_PREPROCESSOR_DEFINITIONS = (
					"DEBUG=1",
					"$(inherited)",
				);
				GCC_WARN_64_TO_32_BIT_CONVERSION = YES;
				GCC_WARN_ABOUT_RETURN_TYPE = YES_ERROR;
				GCC_WARN_UNDECLARED_SELECTOR = YES;
				GCC_WARN_UNINITIALIZED_AUTOS = YES_AGGRESSIVE;
				GCC_WARN_UNUSED_FUNCTION = YES;
				GCC_WARN_UNUSED_VARIABLE = YES;
				IPHONEOS_DEPLOYMENT_TARGET = 10.2;
				MTL_ENABLE_DEBUG_INFO = YES;
				ONLY_ACTIVE_ARCH = YES;
				SDKROOT = iphoneos;
				SWIFT_ACTIVE_COMPILATION_CONDITIONS = DEBUG;
				SWIFT_OPTIMIZATION_LEVEL = "-Onone";
			};
			name = Debug;
		};
		902D29641F4DD4DB00AD7654 /* Release */ = {
			isa = XCBuildConfiguration;
			buildSettings = {
				ALWAYS_SEARCH_USER_PATHS = NO;
				CLANG_ANALYZER_NONNULL = YES;
				CLANG_CXX_LANGUAGE_STANDARD = "gnu++0x";
				CLANG_CXX_LIBRARY = "libc++";
				CLANG_ENABLE_MODULES = YES;
				CLANG_ENABLE_OBJC_ARC = YES;
				CLANG_WARN_BOOL_CONVERSION = YES;
				CLANG_WARN_CONSTANT_CONVERSION = YES;
				CLANG_WARN_DIRECT_OBJC_ISA_USAGE = YES_ERROR;
				CLANG_WARN_DOCUMENTATION_COMMENTS = YES;
				CLANG_WARN_EMPTY_BODY = YES;
				CLANG_WARN_ENUM_CONVERSION = YES;
				CLANG_WARN_INFINITE_RECURSION = YES;
				CLANG_WARN_INT_CONVERSION = YES;
				CLANG_WARN_OBJC_ROOT_CLASS = YES_ERROR;
				CLANG_WARN_SUSPICIOUS_MOVE = YES;
				CLANG_WARN_UNREACHABLE_CODE = YES;
				CLANG_WARN__DUPLICATE_METHOD_MATCH = YES;
				"CODE_SIGN_IDENTITY[sdk=iphoneos*]" = "iPhone Developer";
				COPY_PHASE_STRIP = NO;
				DEBUG_INFORMATION_FORMAT = "dwarf-with-dsym";
				ENABLE_NS_ASSERTIONS = NO;
				ENABLE_STRICT_OBJC_MSGSEND = YES;
				GCC_C_LANGUAGE_STANDARD = gnu99;
				GCC_NO_COMMON_BLOCKS = YES;
				GCC_WARN_64_TO_32_BIT_CONVERSION = YES;
				GCC_WARN_ABOUT_RETURN_TYPE = YES_ERROR;
				GCC_WARN_UNDECLARED_SELECTOR = YES;
				GCC_WARN_UNINITIALIZED_AUTOS = YES_AGGRESSIVE;
				GCC_WARN_UNUSED_FUNCTION = YES;
				GCC_WARN_UNUSED_VARIABLE = YES;
				IPHONEOS_DEPLOYMENT_TARGET = 10.2;
				MTL_ENABLE_DEBUG_INFO = NO;
				SDKROOT = iphoneos;
				SWIFT_OPTIMIZATION_LEVEL = "-Owholemodule";
				VALIDATE_PRODUCT = YES;
			};
			name = Release;
		};
		902D29661F4DD4DB00AD7654 /* Debug */ = {
			isa = XCBuildConfiguration;
			buildSettings = {
				ASSETCATALOG_COMPILER_APPICON_NAME = AppIcon;
				INFOPLIST_FILE = Hustle.Mode/Info.plist;
				LD_RUNPATH_SEARCH_PATHS = "$(inherited) @executable_path/Frameworks";
				PRODUCT_BUNDLE_IDENTIFIER = "com.XiApps.Hustle-Mode";
				PRODUCT_NAME = "$(TARGET_NAME)";
				SWIFT_VERSION = 3.0;
			};
			name = Debug;
		};
		902D29671F4DD4DB00AD7654 /* Release */ = {
			isa = XCBuildConfiguration;
			buildSettings = {
				ASSETCATALOG_COMPILER_APPICON_NAME = AppIcon;
				INFOPLIST_FILE = Hustle.Mode/Info.plist;
				LD_RUNPATH_SEARCH_PATHS = "$(inherited) @executable_path/Frameworks";
				PRODUCT_BUNDLE_IDENTIFIER = "com.XiApps.Hustle-Mode";
				PRODUCT_NAME = "$(TARGET_NAME)";
				SWIFT_VERSION = 3.0;
			};
			name = Release;
		};
/* End XCBuildConfiguration section */

/* Begin XCConfigurationList section */
		902D294E1F4DD4DB00AD7654 /* Build configuration list for PBXProject "Hustle.Mode" */ = {
			isa = XCConfigurationList;
			buildConfigurations = (
				902D29631F4DD4DB00AD7654 /* Debug */,
				902D29641F4DD4DB00AD7654 /* Release */,
			);
			defaultConfigurationIsVisible = 0;
			defaultConfigurationName = Release;
		};
		902D29651F4DD4DB00AD7654 /* Build configuration list for PBXNativeTarget "Hustle.Mode" */ = {
			isa = XCConfigurationList;
			buildConfigurations = (
				902D29661F4DD4DB00AD7654 /* Debug */,
				902D29671F4DD4DB00AD7654 /* Release */,
			);
			defaultConfigurationIsVisible = 0;
		};
/* End XCConfigurationList section */
	};
	rootObject = 902D294B1F4DD4DB00AD7654 /* Project object */;
}
